
Microsoft Visual Studio Solution File, Format Version 12.00
# Visual Studio Version 17
VisualStudioVersion = 17.12.35527.113 d17.12
MinimumVisualStudioVersion = 10.0.40219.1
Project("{FAE04EC0-301F-11D3-BF4B-00C04F79EFBC}") = "mo-kimura-test-local", "mo-kimura-test-local\mo-kimura-test-local.csproj", "{C135677C-878E-4826-8D52-5CBA8BF8169B}"
EndProject
Global
	GlobalSection(SolutionConfigurationPlatforms) = preSolution
		Debug|Any CPU = Debug|Any CPU
		Release|Any CPU = Release|Any CPU
	EndGlobalSection
	GlobalSection(ProjectConfigurationPlatforms) = postSolution
		{C135677C-878E-4826-8D52-5CBA8BF8169B}.Debug|Any CPU.ActiveCfg = Debug|Any CPU
		{C135677C-878E-4826-8D52-5CBA8BF8169B}.Debug|Any CPU.Build.0 = Debug|Any CPU
		{C135677C-878E-4826-8D52-5CBA8BF8169B}.Release|Any CPU.ActiveCfg = Release|Any CPU
		{C135677C-878E-4826-8D52-5CBA8BF8169B}.Release|Any CPU.Build.0 = Release|Any CPU
	EndGlobalSection
	GlobalSection(SolutionProperties) = preSolution
		HideSolutionNode = FALSE
	EndGlobalSection
EndGlobal
